{
    "name": "tabular-scope",
    "version": "0.0.1",
    "lockfileVersion": 3,
    "requires": true,
    "packages": {
        "": {
            "name": "tabular-scope",
            "version": "0.0.1",
            "license": "ISC",
            "dependencies": {
                "csv-parse": "^4.16.3"
            },
            "devDependencies": {
                "@types/csv-parse": "^1.2.2",
                "@types/node": "^14.18.63",
                "@types/vscode": "^1.92.0",
                "typescript": "^4.9.5"
            },
            "engines": {
                "vscode": "^1.60.0"
            }
        },
        "node_modules/@types/csv-parse": {
            "version": "1.2.2",
            "resolved": "https://registry.npmjs.org/@types/csv-parse/-/csv-parse-1.2.2.tgz",
            "integrity": "sha512-k33tLtRKTQxf7hQfMlkWoS2TQYsnpk1ibZN+rzbuCkeBs8m23nHTeDTF1wb/e7/MSLdtgCzqu3oM1I101kd6yw==",
            "deprecated": "This is a stub types definition. csv-parse provides its own type definitions, so you do not need this installed.",
            "dev": true,
            "license": "MIT",
            "dependencies": {
                "csv-parse": "*"
            }
        },
        "node_modules/@types/node": {
            "version": "14.18.63",
            "resolved": "https://registry.npmjs.org/@types/node/-/node-14.18.63.tgz",
            "integrity": "sha512-fAtCfv4jJg+ExtXhvCkCqUKZ+4ok/JQk01qDKhL5BDDoS3AxKXhV5/MAVUZyQnSEd2GT92fkgZl0pz0Q0AzcIQ==",
            "dev": true,
            "license": "MIT"
        },
        "node_modules/@types/vscode": {
            "version": "1.92.0",
            "resolved": "https://registry.npmjs.org/@types/vscode/-/vscode-1.92.0.tgz",
            "integrity": "sha512-DcZoCj17RXlzB4XJ7IfKdPTcTGDLYvTOcTNkvtjXWF+K2TlKzHHkBEXNWQRpBIXixNEUgx39cQeTFunY0E2msw==",
            "dev": true,
            "license": "MIT"
        },
        "node_modules/csv-parse": {
            "version": "4.16.3",
            "resolved": "https://registry.npmjs.org/csv-parse/-/csv-parse-4.16.3.tgz",
            "integrity": "sha512-cO1I/zmz4w2dcKHVvpCr7JVRu8/FymG5OEpmvsZYlccYolPBLoVGKUHgNoc4ZGkFeFlWGEDmMyBM+TTqRdW/wg==",
            "license": "MIT"
        },
        "node_modules/typescript": {
            "version": "4.9.5",
            "resolved": "https://registry.npmjs.org/typescript/-/typescript-4.9.5.tgz",
            "integrity": "sha512-1FXk9E2Hm+QzZQ7z+McJiHL4NW1F2EzMu9Nq9i3zAaGqibafqYwCVU6WyWAuyQRRzOlxou8xZSyXLEN8oKj24g==",
            "dev": true,
            "license": "Apache-2.0",
            "bin": {
                "tsc": "bin/tsc",
                "tsserver": "bin/tsserver"
            },
            "engines": {
                "node": ">=4.2.0"
            }
        }
    }
}
